
Microsoft Visual Studio Solution File, Format Version 12.00
# Visual Studio Version 17
VisualStudioVersion = 17.2.32519.379
MinimumVisualStudioVersion = 10.0.40219.1
Project("{FAE04EC0-301F-11D3-BF4B-00C04F79EFBC}") = "Method Exercise", "Method Exercise\Method Exercise.csproj", "{D2E38029-BA3C-49CC-9F13-C8A779A708CA}"
EndProject
Global
	GlobalSection(SolutionConfigurationPlatforms) = preSolution
		Debug|Any CPU = Debug|Any CPU
		Release|Any CPU = Release|Any CPU
	EndGlobalSection
	GlobalSection(ProjectConfigurationPlatforms) = postSolution
		{D2E38029-BA3C-49CC-9F13-C8A779A708CA}.Debug|Any CPU.ActiveCfg = Debug|Any CPU
		{D2E38029-BA3C-49CC-9F13-C8A779A708CA}.Debug|Any CPU.Build.0 = Debug|Any CPU
		{D2E38029-BA3C-49CC-9F13-C8A779A708CA}.Release|Any CPU.ActiveCfg = Release|Any CPU
		{D2E38029-BA3C-49CC-9F13-C8A779A708CA}.Release|Any CPU.Build.0 = Release|Any CPU
	EndGlobalSection
	GlobalSection(SolutionProperties) = preSolution
		HideSolutionNode = FALSE
	EndGlobalSection
	GlobalSection(ExtensibilityGlobals) = postSolution
		SolutionGuid = {D22778CA-FBAE-4009-8ACC-06DCB0213F55}
	EndGlobalSection
EndGlobal
